
Microsoft Visual Studio Solution File, Format Version 12.00
# Visual Studio 15
VisualStudioVersion = 15.0.28307.2017
MinimumVisualStudioVersion = 10.0.40219.1
Project("{FAE04EC0-301F-11D3-BF4B-00C04F79EFBC}") = "BELAJAR_CSHARP", "BELAJAR_CSHARP\BELAJAR_CSHARP.csproj", "{CF698A79-C275-4A69-955A-D1D9B92437AC}"
EndProject
Global
	GlobalSection(SolutionConfigurationPlatforms) = preSolution
		Debug|Any CPU = Debug|Any CPU
		Release|Any CPU = Release|Any CPU
	EndGlobalSection
	GlobalSection(ProjectConfigurationPlatforms) = postSolution
		{CF698A79-C275-4A69-955A-D1D9B92437AC}.Debug|Any CPU.ActiveCfg = Debug|Any CPU
		{CF698A79-C275-4A69-955A-D1D9B92437AC}.Debug|Any CPU.Build.0 = Debug|Any CPU
		{CF698A79-C275-4A69-955A-D1D9B92437AC}.Release|Any CPU.ActiveCfg = Release|Any CPU
		{CF698A79-C275-4A69-955A-D1D9B92437AC}.Release|Any CPU.Build.0 = Release|Any CPU
	EndGlobalSection
	GlobalSection(SolutionProperties) = preSolution
		HideSolutionNode = FALSE
	EndGlobalSection
	GlobalSection(ExtensibilityGlobals) = postSolution
		SolutionGuid = {90ECA0C3-7F64-46B2-94B4-318E89798F46}
	EndGlobalSection
EndGlobal
